{
  "version": 4,
  "terraform_version": "1.15.8",
  "serial": 8,
  "lineage": "c24d9452-6443-95e2-975b-f91c1aac69aa",
  "outputs": {
    "api_endpoint": {
      "value": "https://u6oiy3yfu5.execute-api.us-east-1.amazonaws.com",
      "type": "string"
    }
  },
  "resources": [
    {
      "mode": "data",
      "type": "archive_file",
      "name": "lambda_zip",
      "provider": "provider[\"registry.terraform.io/hashicorp/archive\"]",
      "instances": [
        {
          "schema_version": 0,
          "attributes": {
            "exclude_symlink_directories": null,
            "excludes": null,
            "id": "30e5ccccfb9ef39d0a7d292899c5bbce5e9bea3c",
            "output_base64sha256": "b9Cy7Np2kEY9RGh1N7GSKOu3jLajBOzpA0QvYGMBgN0=",
            "output_base64sha512": "8EEi9kCoxZgS02NqpezPrjzNSh5SlGORaNvyGdMKgwzgYRc8sWZJJCwX68U4PKFKv45FEspDLcfBxF0065JFCQ==",
            "output_file_mode": null,
            "output_md5": "e2c7c79d029d728fda9d876d9020418e",
            "output_path": "./lambda_function.zip",
            "output_sha": "30e5ccccfb9ef39d0a7d292899c5bbce5e9bea3c",
            "output_sha256": "6fd0b2ecda7690463d44687537b19228ebb78cb6a304ece903442f60630180dd",
            "output_sha512": "f04122f640a8c59812d3636aa5eccfae3ccd4a1e5294639168dbf219d30a830ce061173cb16649242c17ebc5383ca14abf8e4512ca432dc7c1c45d34eb924509",
            "output_size": 202,
            "source": [],
            "source_content": "{\"message\":\"Hello from the Modern Serverless Lambda backend!\"}",
            "source_content_filename": "index.json",
            "source_dir": null,
            "source_file": null,
            "type": "zip"
          },
          "sensitive_attributes": [],
          "identity_schema_version": 0
        }
      ]
    },
    {
      "mode": "managed",
      "type": "aws_apigatewayv2_api",
      "name": "strangler_gw",
      "provider": "provider[\"registry.terraform.io/hashicorp/aws\"]",
      "instances": [
        {
          "schema_version": 0,
          "attributes": {
            "api_endpoint": "https://u6oiy3yfu5.execute-api.us-east-1.amazonaws.com",
            "api_key_selection_expression": "$request.header.x-api-key",
            "arn": "arn:aws:apigateway:us-east-1::/apis/u6oiy3yfu5",
            "body": null,
            "cors_configuration": [],
            "credentials_arn": null,
            "description": "",
            "disable_execute_api_endpoint": false,
            "execution_arn": "arn:aws:execute-api:us-east-1:884028226632:u6oiy3yfu5",
            "fail_on_warnings": null,
            "id": "u6oiy3yfu5",
            "ip_address_type": "ipv4",
            "name": "strangler-fig-gateway",
            "protocol_type": "HTTP",
            "region": "us-east-1",
            "route_key": null,
            "route_selection_expression": "$request.method $request.path",
            "tags": null,
            "tags_all": {},
            "target": null,
            "version": ""
          },
          "sensitive_attributes": [],
          "identity_schema_version": 0,
          "identity": {
            "account_id": "884028226632",
            "id": "u6oiy3yfu5",
            "region": "us-east-1"
          },
          "private": "bnVsbA=="
        }
      ]
    },
    {
      "mode": "managed",
      "type": "aws_apigatewayv2_integration",
      "name": "lambda_integration",
      "provider": "provider[\"registry.terraform.io/hashicorp/aws\"]",
      "instances": [
        {
          "schema_version": 0,
          "attributes": {
            "api_id": "u6oiy3yfu5",
            "connection_id": "",
            "connection_type": "INTERNET",
            "content_handling_strategy": "",
            "credentials_arn": "",
            "description": "",
            "id": "g2lxlbi",
            "integration_method": "POST",
            "integration_response_selection_expression": "",
            "integration_subtype": "",
            "integration_type": "AWS_PROXY",
            "integration_uri": "arn:aws:apigateway:us-east-1:lambda:path/2015-03-31/functions/arn:aws:lambda:us-east-1:884028226632:function:modern-migration-service/invocations",
            "passthrough_behavior": "",
            "payload_format_version": "1.0",
            "region": "us-east-1",
            "request_parameters": null,
            "request_templates": null,
            "response_parameters": [],
            "template_selection_expression": "",
            "timeout_milliseconds": 30000,
            "tls_config": []
          },
          "sensitive_attributes": [],
          "identity_schema_version": 0,
          "private": "bnVsbA==",
          "dependencies": [
            "aws_apigatewayv2_api.strangler_gw",
            "aws_iam_role.lambda_exec",
            "aws_lambda_function.modern_service",
            "data.archive_file.lambda_zip"
          ]
        }
      ]
    },
    {
      "mode": "managed",
      "type": "aws_apigatewayv2_route",
      "name": "modern_route",
      "provider": "provider[\"registry.terraform.io/hashicorp/aws\"]",
      "instances": [
        {
          "schema_version": 0,
          "attributes": {
            "api_id": "u6oiy3yfu5",
            "api_key_required": false,
            "authorization_scopes": null,
            "authorization_type": "NONE",
            "authorizer_id": "",
            "id": "j2c3eet",
            "model_selection_expression": "",
            "operation_name": "",
            "region": "us-east-1",
            "request_models": null,
            "request_parameter": [],
            "route_key": "GET /api/v1/resource",
            "route_response_selection_expression": "",
            "target": "integrations/g2lxlbi"
          },
          "sensitive_attributes": [],
          "identity_schema_version": 0,
          "identity": {
            "account_id": "884028226632",
            "api_id": "u6oiy3yfu5",
            "id": "j2c3eet",
            "region": "us-east-1"
          },
          "private": "bnVsbA==",
          "dependencies": [
            "aws_apigatewayv2_api.strangler_gw",
            "aws_apigatewayv2_integration.lambda_integration",
            "aws_iam_role.lambda_exec",
            "aws_lambda_function.modern_service",
            "data.archive_file.lambda_zip"
          ]
        }
      ]
    },
    {
      "mode": "managed",
      "type": "aws_apigatewayv2_stage",
      "name": "default_stage",
      "provider": "provider[\"registry.terraform.io/hashicorp/aws\"]",
      "instances": [
        {
          "schema_version": 0,
          "attributes": {
            "access_log_settings": [],
            "api_id": "u6oiy3yfu5",
            "arn": "arn:aws:apigateway:us-east-1::/apis/u6oiy3yfu5/stages/$default",
            "auto_deploy": true,
            "client_certificate_id": "",
            "default_route_settings": [
              {
                "data_trace_enabled": false,
                "detailed_metrics_enabled": false,
                "logging_level": "",
                "throttling_burst_limit": 0,
                "throttling_rate_limit": 0
              }
            ],
            "deployment_id": "",
            "description": "",
            "execution_arn": "arn:aws:execute-api:us-east-1:884028226632:u6oiy3yfu5/$default",
            "id": "$default",
            "invoke_url": "https://u6oiy3yfu5.execute-api.us-east-1.amazonaws.com/",
            "name": "$default",
            "region": "us-east-1",
            "route_settings": [],
            "stage_variables": null,
            "tags": null,
            "tags_all": {}
          },
          "sensitive_attributes": [],
          "identity_schema_version": 0,
          "private": "bnVsbA==",
          "dependencies": [
            "aws_apigatewayv2_api.strangler_gw"
          ]
        }
      ]
    },
    {
      "mode": "managed",
      "type": "aws_iam_role",
      "name": "lambda_exec",
      "provider": "provider[\"registry.terraform.io/hashicorp/aws\"]",
      "instances": [
        {
          "schema_version": 0,
          "attributes": {
            "arn": "arn:aws:iam::884028226632:role/strangler_lambda_exec_role",
            "assume_role_policy": "{\"Statement\":[{\"Action\":\"sts:AssumeRole\",\"Effect\":\"Allow\",\"Principal\":{\"Service\":\"lambda.amazonaws.com\"}}],\"Version\":\"2012-10-17\"}",
            "create_date": "2026-08-10T04:35:29Z",
            "description": "",
            "force_detach_policies": false,
            "id": "strangler_lambda_exec_role",
            "inline_policy": [],
            "managed_policy_arns": [],
            "max_session_duration": 3600,
            "name": "strangler_lambda_exec_role",
            "name_prefix": "",
            "path": "/",
            "permissions_boundary": "",
            "tags": null,
            "tags_all": {},
            "unique_id": "AROA43VBQHREC2PNNGDHQ"
          },
          "sensitive_attributes": [],
          "identity_schema_version": 0,
          "identity": {
            "account_id": "884028226632",
            "name": "strangler_lambda_exec_role"
          },
          "private": "bnVsbA=="
        }
      ]
    },
    {
      "mode": "managed",
      "type": "aws_lambda_function",
      "name": "modern_service",
      "provider": "provider[\"registry.terraform.io/hashicorp/aws\"]",
      "instances": [
        {
          "schema_version": 0,
          "attributes": {
            "architectures": [
              "x86_64"
            ],
            "arn": "arn:aws:lambda:us-east-1:884028226632:function:modern-migration-service",
            "capacity_provider_config": [],
            "code_sha256": "b9Cy7Np2kEY9RGh1N7GSKOu3jLajBOzpA0QvYGMBgN0=",
            "code_signing_config_arn": "",
            "dead_letter_config": [],
            "description": "",
            "durable_config": [],
            "environment": [],
            "ephemeral_storage": [
              {
                "size": 512
              }
            ],
            "file_system_config": [],
            "filename": "./lambda_function.zip",
            "function_name": "modern-migration-service",
            "handler": "index.handler",
            "id": "modern-migration-service",
            "image_config": [],
            "image_uri": "",
            "invoke_arn": "arn:aws:apigateway:us-east-1:lambda:path/2015-03-31/functions/arn:aws:lambda:us-east-1:884028226632:function:modern-migration-service/invocations",
            "kms_key_arn": "",
            "last_modified": "2026-08-10T04:35:38.308+0000",
            "layers": null,
            "logging_config": [
              {
                "application_log_level": "",
                "log_format": "Text",
                "log_group": "/aws/lambda/modern-migration-service",
                "system_log_level": ""
              }
            ],
            "memory_size": 128,
            "package_type": "Zip",
            "publish": false,
            "publish_to": null,
            "qualified_arn": "arn:aws:lambda:us-east-1:884028226632:function:modern-migration-service:$LATEST",
            "qualified_invoke_arn": "arn:aws:apigateway:us-east-1:lambda:path/2015-03-31/functions/arn:aws:lambda:us-east-1:884028226632:function:modern-migration-service:$LATEST/invocations",
            "region": "us-east-1",
            "replace_security_groups_on_destroy": null,
            "replacement_security_group_ids": null,
            "reserved_concurrent_executions": -1,
            "response_streaming_invoke_arn": "arn:aws:apigateway:us-east-1:lambda:path/2021-11-15/functions/arn:aws:lambda:us-east-1:884028226632:function:modern-migration-service/response-streaming-invocations",
            "role": "arn:aws:iam::884028226632:role/strangler_lambda_exec_role",
            "runtime": "nodejs20.x",
            "s3_bucket": null,
            "s3_key": null,
            "s3_object_version": null,
            "signing_job_arn": "",
            "signing_profile_version_arn": "",
            "skip_destroy": false,
            "snap_start": [],
            "source_code_hash": "b9Cy7Np2kEY9RGh1N7GSKOu3jLajBOzpA0QvYGMBgN0=",
            "source_code_size": 202,
            "source_kms_key_arn": "",
            "tags": null,
            "tags_all": {},
            "tenancy_config": [],
            "timeout": 3,
            "timeouts": null,
            "tracing_config": [
              {
                "mode": "PassThrough"
              }
            ],
            "use_resource_timeout_for_propagation": null,
            "version": "$LATEST",
            "vpc_config": []
          },
          "sensitive_attributes": [],
          "identity_schema_version": 0,
          "identity": {
            "account_id": "884028226632",
            "function_name": "modern-migration-service",
            "region": "us-east-1"
          },
          "private": "eyJlMmJmYjczMC1lY2FhLTExZTYtOGY4OC0zNDM2M2JjN2M0YzAiOnsiY3JlYXRlIjo2MDAwMDAwMDAwMDAsImRlbGV0ZSI6NjAwMDAwMDAwMDAwLCJ1cGRhdGUiOjYwMDAwMDAwMDAwMH19",
          "dependencies": [
            "aws_iam_role.lambda_exec",
            "data.archive_file.lambda_zip"
          ]
        }
      ]
    },
    {
      "mode": "managed",
      "type": "aws_lambda_permission",
      "name": "api_gw",
      "provider": "provider[\"registry.terraform.io/hashicorp/aws\"]",
      "instances": [
        {
          "schema_version": 0,
          "attributes": {
            "action": "lambda:InvokeFunction",
            "event_source_token": null,
            "function_name": "modern-migration-service",
            "function_url_auth_type": null,
            "id": "AllowExecutionFromAPIGateway",
            "invoked_via_function_url": null,
            "principal": "apigateway.amazonaws.com",
            "principal_org_id": null,
            "qualifier": "",
            "region": "us-east-1",
            "source_account": null,
            "source_arn": "arn:aws:execute-api:us-east-1:884028226632:u6oiy3yfu5/*/*",
            "statement_id": "AllowExecutionFromAPIGateway",
            "statement_id_prefix": "",
            "timeouts": null
          },
          "sensitive_attributes": [],
          "identity_schema_version": 0,
          "identity": {
            "account_id": "884028226632",
            "function_name": "modern-migration-service",
            "qualifier": null,
            "region": "us-east-1",
            "statement_id": "AllowExecutionFromAPIGateway"
          },
          "private": "eyJlMmJmYjczMC1lY2FhLTExZTYtOGY4OC0zNDM2M2JjN2M0YzAiOnsiY3JlYXRlIjozMDAwMDAwMDAwMDAsImRlbGV0ZSI6MzAwMDAwMDAwMDAwLCJyZWFkIjozMDAwMDAwMDAwMDB9fQ==",
          "dependencies": [
            "aws_apigatewayv2_api.strangler_gw",
            "aws_iam_role.lambda_exec",
            "aws_lambda_function.modern_service",
            "data.archive_file.lambda_zip"
          ]
        }
      ]
    }
  ],
  "check_results": null
}
